
Microsoft Visual Studio Solution File, Format Version 12.00
# Visual Studio Version 17
VisualStudioVersion = 17.11.35327.3
MinimumVisualStudioVersion = 10.0.40219.1
Project("{FAE04EC0-301F-11D3-BF4B-00C04F79EFBC}") = "kutuphaneOtomasyon", "kutuphaneOtomasyon\kutuphaneOtomasyon.csproj", "{3246C11C-DD7C-45B1-9A7F-13BC9CECC03D}"
EndProject
Global
	GlobalSection(SolutionConfigurationPlatforms) = preSolution
		Debug|Any CPU = Debug|Any CPU
		Release|Any CPU = Release|Any CPU
	EndGlobalSection
	GlobalSection(ProjectConfigurationPlatforms) = postSolution
		{3246C11C-DD7C-45B1-9A7F-13BC9CECC03D}.Debug|Any CPU.ActiveCfg = Debug|Any CPU
		{3246C11C-DD7C-45B1-9A7F-13BC9CECC03D}.Debug|Any CPU.Build.0 = Debug|Any CPU
		{3246C11C-DD7C-45B1-9A7F-13BC9CECC03D}.Release|Any CPU.ActiveCfg = Release|Any CPU
		{3246C11C-DD7C-45B1-9A7F-13BC9CECC03D}.Release|Any CPU.Build.0 = Release|Any CPU
	EndGlobalSection
	GlobalSection(SolutionProperties) = preSolution
		HideSolutionNode = FALSE
	EndGlobalSection
	GlobalSection(ExtensibilityGlobals) = postSolution
		SolutionGuid = {969200A4-1ED2-4A95-BB0B-5C079F4EEF91}
	EndGlobalSection
EndGlobal
